
Microsoft Visual Studio Solution File, Format Version 12.00
# Visual Studio 2012
Project("{8BC9CEB8-8B4A-11D0-8D11-00A0C91BC942}") = "Autobuz", "Autobuz\Autobuz.vcxproj", "{E5D9D62F-C523-45D7-BB1F-507713BFFF20}"
EndProject
Global
	GlobalSection(SolutionConfigurationPlatforms) = preSolution
		Debug|Win32 = Debug|Win32
		Release|Win32 = Release|Win32
	EndGlobalSection
	GlobalSection(ProjectConfigurationPlatforms) = postSolution
		{E5D9D62F-C523-45D7-BB1F-507713BFFF20}.Debug|Win32.ActiveCfg = Debug|Win32
		{E5D9D62F-C523-45D7-BB1F-507713BFFF20}.Debug|Win32.Build.0 = Debug|Win32
		{E5D9D62F-C523-45D7-BB1F-507713BFFF20}.Release|Win32.ActiveCfg = Release|Win32
		{E5D9D62F-C523-45D7-BB1F-507713BFFF20}.Release|Win32.Build.0 = Release|Win32
	EndGlobalSection
	GlobalSection(SolutionProperties) = preSolution
		HideSolutionNode = FALSE
	EndGlobalSection
EndGlobal
